
Microsoft Visual Studio Solution File, Format Version 12.00
# Visual Studio Version 17
VisualStudioVersion = 17.11.35312.102
MinimumVisualStudioVersion = 10.0.40219.1
Project("{2150E333-8FDC-42A3-9474-1A3956D46DE8}") = "Task0", "Task0", "{493E593E-2366-4473-B336-2DBEF08E32D2}"
EndProject
Project("{FAE04EC0-301F-11D3-BF4B-00C04F79EFBC}") = "Tyuiu.NajibN.Sprint4.Task0.V12", "Tyuiu.NajibN.Sprint4.Task0.V12\Tyuiu.NajibN.Sprint4.Task0.V12.csproj", "{D3BBAAFD-EBD9-4B41-BBF4-C9AB6AF41797}"
EndProject
Project("{FAE04EC0-301F-11D3-BF4B-00C04F79EFBC}") = "Tyuiu.NajibN.Sprint4.Task0.V12.Lib", "Tyuiu.NajibN.Sprint4.Task0.V12.Lib\Tyuiu.NajibN.Sprint4.Task0.V12.Lib.csproj", "{8DE32E46-87F6-43DB-8762-BECDCC386735}"
EndProject
Project("{FAE04EC0-301F-11D3-BF4B-00C04F79EFBC}") = "Tyuiu.NajibN.Sprint4.Task0.V12.Test", "Tyuiu.NajibN.Sprint4.Task0.V12.Test\Tyuiu.NajibN.Sprint4.Task0.V12.Test.csproj", "{6E02642E-9882-4816-8D7F-BEDC512E9DCC}"
EndProject
Project("{2150E333-8FDC-42A3-9474-1A3956D46DE8}") = "Task1", "Task1", "{86503ACC-CC54-4195-B52A-925AF120DA22}"
EndProject
Project("{FAE04EC0-301F-11D3-BF4B-00C04F79EFBC}") = "Tyuiu.NajibN.Sprint4.Task1.V22", "Tyuiu.NajibN.Sprint4.Task1.V22\Tyuiu.NajibN.Sprint4.Task1.V22.csproj", "{66E56555-A664-43F0-9A04-CBCE94BD0A51}"
EndProject
Project("{FAE04EC0-301F-11D3-BF4B-00C04F79EFBC}") = "Tyuiu.NajibN.Sprint4.Task1.V22.Lib", "Tyuiu.NajibN.Sprint4.Task1.V22.Lib\Tyuiu.NajibN.Sprint4.Task1.V22.Lib.csproj", "{A9967717-C161-479C-8D32-8C902816D717}"
EndProject
Project("{FAE04EC0-301F-11D3-BF4B-00C04F79EFBC}") = "Tyuiu.NajibN.Sprint4.Task1.V22.Test", "Tyuiu.NajibN.Sprint4.Task1.V22.Test\Tyuiu.NajibN.Sprint4.Task1.V22.Test.csproj", "{AA786E21-362E-47E5-9414-D313710DA02B}"
EndProject
Project("{2150E333-8FDC-42A3-9474-1A3956D46DE8}") = "Task2", "Task2", "{6F7F4E3F-558D-48EF-9706-98A6C339BA14}"
EndProject
Project("{FAE04EC0-301F-11D3-BF4B-00C04F79EFBC}") = "Tyuiu.NajibN.Sprint4.Task2.V21", "Tyuiu.NajibN.Sprint4.Task2.V21\Tyuiu.NajibN.Sprint4.Task2.V21.csproj", "{E7EA3F67-EDE3-45D8-8988-29449EFB632D}"
EndProject
Project("{FAE04EC0-301F-11D3-BF4B-00C04F79EFBC}") = "Tyuiu.NajibN.Sprint4.Task2.V21.Lib", "Tyuiu.NajibN.Sprint4.Task2.V21.Lib\Tyuiu.NajibN.Sprint4.Task2.V21.Lib.csproj", "{04C00AF0-8A2F-447D-B963-98B9BE2D5790}"
EndProject
Project("{FAE04EC0-301F-11D3-BF4B-00C04F79EFBC}") = "Tyuiu.NajibN.Sprint4.Task2.V21.Test", "Tyuiu.NajibN.Sprint4.Task2.V21.Test\Tyuiu.NajibN.Sprint4.Task2.V21.Test.csproj", "{89733CFB-E85F-4BC7-82AE-51033567BB8B}"
EndProject
Project("{2150E333-8FDC-42A3-9474-1A3956D46DE8}") = "Task3", "Task3", "{8C59B51D-72EE-4EB3-ACAD-44C4149BB687}"
EndProject
Project("{FAE04EC0-301F-11D3-BF4B-00C04F79EFBC}") = "Tyuiu.NajibN.Sprint4.Task3.V1", "Tyuiu.NajibN.Sprint4.Task3.V1\Tyuiu.NajibN.Sprint4.Task3.V1.csproj", "{59B01E13-F1A0-4F44-ADA4-65CAB78F4937}"
EndProject
Project("{FAE04EC0-301F-11D3-BF4B-00C04F79EFBC}") = "Tyuiu.NajibN.Sprint4.Task3.V1.Lib", "Tyuiu.NajibN.Sprint4.Task3.V1.Lib\Tyuiu.NajibN.Sprint4.Task3.V1.Lib.csproj", "{2A587E67-DED3-41C3-8BBE-20765B11AE73}"
EndProject
Project("{FAE04EC0-301F-11D3-BF4B-00C04F79EFBC}") = "Tyuiu.NajibN.Sprint4.Task3.V1.Test", "Tyuiu.NajibN.Sprint4.Task3.V1.Test\Tyuiu.NajibN.Sprint4.Task3.V1.Test.csproj", "{90178C1C-4A22-49D4-847F-061419BDDA9B}"
EndProject
Project("{2150E333-8FDC-42A3-9474-1A3956D46DE8}") = "Task4", "Task4", "{5886BF4B-DA2E-4AE1-8A17-26DC2ED341C7}"
EndProject
Project("{FAE04EC0-301F-11D3-BF4B-00C04F79EFBC}") = "Tyuiu.NajibN.Sprint4.Task4.V23", "Tyuiu.NajibN.Sprint4.Task4.V23\Tyuiu.NajibN.Sprint4.Task4.V23.csproj", "{2D5D7369-6C10-4CD1-B0D3-E2E8A475E0F8}"
EndProject
Project("{FAE04EC0-301F-11D3-BF4B-00C04F79EFBC}") = "Tyuiu.NajibN.Sprint4.Task4.V23.Lib", "Tyuiu.NajibN.Sprint4.Task4.V23.Lib\Tyuiu.NajibN.Sprint4.Task4.V23.Lib.csproj", "{D252D14B-2B88-4E9B-9BCF-CF9B22F5C5C3}"
EndProject
Project("{FAE04EC0-301F-11D3-BF4B-00C04F79EFBC}") = "Tyuiu.NajibN.Sprint4.Task4.V23.Test", "Tyuiu.NajibN.Sprint4.Task4.V23.Test\Tyuiu.NajibN.Sprint4.Task4.V23.Test.csproj", "{94199411-60CD-4754-9B9C-101C3391DB33}"
EndProject
Project("{2150E333-8FDC-42A3-9474-1A3956D46DE8}") = "Task5", "Task5", "{2AEC57A7-532C-4A4B-A83D-DE31CD321006}"
EndProject
Project("{FAE04EC0-301F-11D3-BF4B-00C04F79EFBC}") = "Tyuiu.NajibN.Sprint4.Task5.V25", "Tyuiu.NajibN.Sprint4.Task5.V25\Tyuiu.NajibN.Sprint4.Task5.V25.csproj", "{9E727579-9825-432A-A161-130743CE7943}"
EndProject
Project("{FAE04EC0-301F-11D3-BF4B-00C04F79EFBC}") = "Tyuiu.NajibN.Sprint4.Task5.V25.Lib", "Tyuiu.NajibN.Sprint4.Task5.V25.Lib\Tyuiu.NajibN.Sprint4.Task5.V25.Lib.csproj", "{28F77F55-789D-418F-83E2-361448761059}"
EndProject
Project("{FAE04EC0-301F-11D3-BF4B-00C04F79EFBC}") = "Tyuiu.NajibN.Sprint4.Task5.V25.Test", "Tyuiu.NajibN.Sprint4.Task5.V25.Test\Tyuiu.NajibN.Sprint4.Task5.V25.Test.csproj", "{36E812F8-FBD6-421E-99D9-696B8E726BB0}"
EndProject
Project("{2150E333-8FDC-42A3-9474-1A3956D46DE8}") = "Task6", "Task6", "{B89E839C-5C6B-4A9A-91F0-76C2959E720F}"
EndProject
Project("{FAE04EC0-301F-11D3-BF4B-00C04F79EFBC}") = "Tyuiu.NajibN.Sprint4.Task6.V27", "Tyuiu.NajibN.Sprint4.Task6.V27\Tyuiu.NajibN.Sprint4.Task6.V27.csproj", "{E670FC04-0D18-4865-BCA9-6C92F1E0BDFF}"
EndProject
Project("{FAE04EC0-301F-11D3-BF4B-00C04F79EFBC}") = "Tyuiu.NajibN.Sprint4.Task6.V27.Lib", "Tyuiu.NajibN.Sprint4.Task6.V27.Lib\Tyuiu.NajibN.Sprint4.Task6.V27.Lib.csproj", "{CF1FDF76-9C2A-4D0C-BDB6-033ED408DD9F}"
EndProject
Project("{FAE04EC0-301F-11D3-BF4B-00C04F79EFBC}") = "Tyuiu.NajibN.Sprint4.Task6.V27.Test", "Tyuiu.NajibN.Sprint4.Task6.V27.Test\Tyuiu.NajibN.Sprint4.Task6.V27.Test.csproj", "{97410825-E0FD-4F12-B28E-496385C0A8D2}"
EndProject
Project("{2150E333-8FDC-42A3-9474-1A3956D46DE8}") = "Task7", "Task7", "{2ED6CA79-4AF6-4F64-9E62-92BDF00D966D}"
EndProject
Project("{FAE04EC0-301F-11D3-BF4B-00C04F79EFBC}") = "Tyuiu.NajibN.Sprint4.Task7.V15", "Tyuiu.NajibN.Sprint4.Task7.V15\Tyuiu.NajibN.Sprint4.Task7.V15.csproj", "{F843D5E5-3432-480F-84EE-1B33F9877776}"
EndProject
Project("{FAE04EC0-301F-11D3-BF4B-00C04F79EFBC}") = "Tyuiu.NajibN.Sprint4.Task7.V15.Lib", "Tyuiu.NajibN.Sprint4.Task7.V15.Lib\Tyuiu.NajibN.Sprint4.Task7.V15.Lib.csproj", "{AF906996-BDFD-4489-BF34-09D821D453C8}"
EndProject
Project("{FAE04EC0-301F-11D3-BF4B-00C04F79EFBC}") = "Tyuiu.NajibN.Sprint4.Task7.V15.Test", "Tyuiu.NajibN.Sprint4.Task7.V15.Test\Tyuiu.NajibN.Sprint4.Task7.V15.Test.csproj", "{DBB2417F-C0B1-408F-BBAF-C8ECFA41F082}"
EndProject
Global
	GlobalSection(SolutionConfigurationPlatforms) = preSolution
		Debug|Any CPU = Debug|Any CPU
		Release|Any CPU = Release|Any CPU
	EndGlobalSection
	GlobalSection(ProjectConfigurationPlatforms) = postSolution
		{D3BBAAFD-EBD9-4B41-BBF4-C9AB6AF41797}.Debug|Any CPU.ActiveCfg = Debug|Any CPU
		{D3BBAAFD-EBD9-4B41-BBF4-C9AB6AF41797}.Debug|Any CPU.Build.0 = Debug|Any CPU
		{D3BBAAFD-EBD9-4B41-BBF4-C9AB6AF41797}.Release|Any CPU.ActiveCfg = Release|Any CPU
		{D3BBAAFD-EBD9-4B41-BBF4-C9AB6AF41797}.Release|Any CPU.Build.0 = Release|Any CPU
		{8DE32E46-87F6-43DB-8762-BECDCC386735}.Debug|Any CPU.ActiveCfg = Debug|Any CPU
		{8DE32E46-87F6-43DB-8762-BECDCC386735}.Debug|Any CPU.Build.0 = Debug|Any CPU
		{8DE32E46-87F6-43DB-8762-BECDCC386735}.Release|Any CPU.ActiveCfg = Release|Any CPU
		{8DE32E46-87F6-43DB-8762-BECDCC386735}.Release|Any CPU.Build.0 = Release|Any CPU
		{6E02642E-9882-4816-8D7F-BEDC512E9DCC}.Debug|Any CPU.ActiveCfg = Debug|Any CPU
		{6E02642E-9882-4816-8D7F-BEDC512E9DCC}.Debug|Any CPU.Build.0 = Debug|Any CPU
		{6E02642E-9882-4816-8D7F-BEDC512E9DCC}.Release|Any CPU.ActiveCfg = Release|Any CPU
		{6E02642E-9882-4816-8D7F-BEDC512E9DCC}.Release|Any CPU.Build.0 = Release|Any CPU
		{66E56555-A664-43F0-9A04-CBCE94BD0A51}.Debug|Any CPU.ActiveCfg = Debug|Any CPU
		{66E56555-A664-43F0-9A04-CBCE94BD0A51}.Debug|Any CPU.Build.0 = Debug|Any CPU
		{66E56555-A664-43F0-9A04-CBCE94BD0A51}.Release|Any CPU.ActiveCfg = Release|Any CPU
		{66E56555-A664-43F0-9A04-CBCE94BD0A51}.Release|Any CPU.Build.0 = Release|Any CPU
		{A9967717-C161-479C-8D32-8C902816D717}.Debug|Any CPU.ActiveCfg = Debug|Any CPU
		{A9967717-C161-479C-8D32-8C902816D717}.Debug|Any CPU.Build.0 = Debug|Any CPU
		{A9967717-C161-479C-8D32-8C902816D717}.Release|Any CPU.ActiveCfg = Release|Any CPU
		{A9967717-C161-479C-8D32-8C902816D717}.Release|Any CPU.Build.0 = Release|Any CPU
		{AA786E21-362E-47E5-9414-D313710DA02B}.Debug|Any CPU.ActiveCfg = Debug|Any CPU
		{AA786E21-362E-47E5-9414-D313710DA02B}.Debug|Any CPU.Build.0 = Debug|Any CPU
		{AA786E21-362E-47E5-9414-D313710DA02B}.Release|Any CPU.ActiveCfg = Release|Any CPU
		{AA786E21-362E-47E5-9414-D313710DA02B}.Release|Any CPU.Build.0 = Release|Any CPU
		{E7EA3F67-EDE3-45D8-8988-29449EFB632D}.Debug|Any CPU.ActiveCfg = Debug|Any CPU
		{E7EA3F67-EDE3-45D8-8988-29449EFB632D}.Debug|Any CPU.Build.0 = Debug|Any CPU
		{E7EA3F67-EDE3-45D8-8988-29449EFB632D}.Release|Any CPU.ActiveCfg = Release|Any CPU
		{E7EA3F67-EDE3-45D8-8988-29449EFB632D}.Release|Any CPU.Build.0 = Release|Any CPU
		{04C00AF0-8A2F-447D-B963-98B9BE2D5790}.Debug|Any CPU.ActiveCfg = Debug|Any CPU
		{04C00AF0-8A2F-447D-B963-98B9BE2D5790}.Debug|Any CPU.Build.0 = Debug|Any CPU
		{04C00AF0-8A2F-447D-B963-98B9BE2D5790}.Release|Any CPU.ActiveCfg = Release|Any CPU
		{04C00AF0-8A2F-447D-B963-98B9BE2D5790}.Release|Any CPU.Build.0 = Release|Any CPU
		{89733CFB-E85F-4BC7-82AE-51033567BB8B}.Debug|Any CPU.ActiveCfg = Debug|Any CPU
		{89733CFB-E85F-4BC7-82AE-51033567BB8B}.Debug|Any CPU.Build.0 = Debug|Any CPU
		{89733CFB-E85F-4BC7-82AE-51033567BB8B}.Release|Any CPU.ActiveCfg = Release|Any CPU
		{89733CFB-E85F-4BC7-82AE-51033567BB8B}.Release|Any CPU.Build.0 = Release|Any CPU
		{59B01E13-F1A0-4F44-ADA4-65CAB78F4937}.Debug|Any CPU.ActiveCfg = Debug|Any CPU
		{59B01E13-F1A0-4F44-ADA4-65CAB78F4937}.Debug|Any CPU.Build.0 = Debug|Any CPU
		{59B01E13-F1A0-4F44-ADA4-65CAB78F4937}.Release|Any CPU.ActiveCfg = Release|Any CPU
		{59B01E13-F1A0-4F44-ADA4-65CAB78F4937}.Release|Any CPU.Build.0 = Release|Any CPU
		{2A587E67-DED3-41C3-8BBE-20765B11AE73}.Debug|Any CPU.ActiveCfg = Debug|Any CPU
		{2A587E67-DED3-41C3-8BBE-20765B11AE73}.Debug|Any CPU.Build.0 = Debug|Any CPU
		{2A587E67-DED3-41C3-8BBE-20765B11AE73}.Release|Any CPU.ActiveCfg = Release|Any CPU
		{2A587E67-DED3-41C3-8BBE-20765B11AE73}.Release|Any CPU.Build.0 = Release|Any CPU
		{90178C1C-4A22-49D4-847F-061419BDDA9B}.Debug|Any CPU.ActiveCfg = Debug|Any CPU
		{90178C1C-4A22-49D4-847F-061419BDDA9B}.Debug|Any CPU.Build.0 = Debug|Any CPU
		{90178C1C-4A22-49D4-847F-061419BDDA9B}.Release|Any CPU.ActiveCfg = Release|Any CPU
		{90178C1C-4A22-49D4-847F-061419BDDA9B}.Release|Any CPU.Build.0 = Release|Any CPU
		{2D5D7369-6C10-4CD1-B0D3-E2E8A475E0F8}.Debug|Any CPU.ActiveCfg = Debug|Any CPU
		{2D5D7369-6C10-4CD1-B0D3-E2E8A475E0F8}.Debug|Any CPU.Build.0 = Debug|Any CPU
		{2D5D7369-6C10-4CD1-B0D3-E2E8A475E0F8}.Release|Any CPU.ActiveCfg = Release|Any CPU
		{2D5D7369-6C10-4CD1-B0D3-E2E8A475E0F8}.Release|Any CPU.Build.0 = Release|Any CPU
		{D252D14B-2B88-4E9B-9BCF-CF9B22F5C5C3}.Debug|Any CPU.ActiveCfg = Debug|Any CPU
		{D252D14B-2B88-4E9B-9BCF-CF9B22F5C5C3}.Debug|Any CPU.Build.0 = Debug|Any CPU
		{D252D14B-2B88-4E9B-9BCF-CF9B22F5C5C3}.Release|Any CPU.ActiveCfg = Release|Any CPU
		{D252D14B-2B88-4E9B-9BCF-CF9B22F5C5C3}.Release|Any CPU.Build.0 = Release|Any CPU
		{94199411-60CD-4754-9B9C-101C3391DB33}.Debug|Any CPU.ActiveCfg = Debug|Any CPU
		{94199411-60CD-4754-9B9C-101C3391DB33}.Debug|Any CPU.Build.0 = Debug|Any CPU
		{94199411-60CD-4754-9B9C-101C3391DB33}.Release|Any CPU.ActiveCfg = Release|Any CPU
		{94199411-60CD-4754-9B9C-101C3391DB33}.Release|Any CPU.Build.0 = Release|Any CPU
		{9E727579-9825-432A-A161-130743CE7943}.Debug|Any CPU.ActiveCfg = Debug|Any CPU
		{9E727579-9825-432A-A161-130743CE7943}.Debug|Any CPU.Build.0 = Debug|Any CPU
		{9E727579-9825-432A-A161-130743CE7943}.Release|Any CPU.ActiveCfg = Release|Any CPU
		{9E727579-9825-432A-A161-130743CE7943}.Release|Any CPU.Build.0 = Release|Any CPU
		{28F77F55-789D-418F-83E2-361448761059}.Debug|Any CPU.ActiveCfg = Debug|Any CPU
		{28F77F55-789D-418F-83E2-361448761059}.Debug|Any CPU.Build.0 = Debug|Any CPU
		{28F77F55-789D-418F-83E2-361448761059}.Release|Any CPU.ActiveCfg = Release|Any CPU
		{28F77F55-789D-418F-83E2-361448761059}.Release|Any CPU.Build.0 = Release|Any CPU
		{36E812F8-FBD6-421E-99D9-696B8E726BB0}.Debug|Any CPU.ActiveCfg = Debug|Any CPU
		{36E812F8-FBD6-421E-99D9-696B8E726BB0}.Debug|Any CPU.Build.0 = Debug|Any CPU
		{36E812F8-FBD6-421E-99D9-696B8E726BB0}.Release|Any CPU.ActiveCfg = Release|Any CPU
		{36E812F8-FBD6-421E-99D9-696B8E726BB0}.Release|Any CPU.Build.0 = Release|Any CPU
		{E670FC04-0D18-4865-BCA9-6C92F1E0BDFF}.Debug|Any CPU.ActiveCfg = Debug|Any CPU
		{E670FC04-0D18-4865-BCA9-6C92F1E0BDFF}.Debug|Any CPU.Build.0 = Debug|Any CPU
		{E670FC04-0D18-4865-BCA9-6C92F1E0BDFF}.Release|Any CPU.ActiveCfg = Release|Any CPU
		{E670FC04-0D18-4865-BCA9-6C92F1E0BDFF}.Release|Any CPU.Build.0 = Release|Any CPU
		{CF1FDF76-9C2A-4D0C-BDB6-033ED408DD9F}.Debug|Any CPU.ActiveCfg = Debug|Any CPU
		{CF1FDF76-9C2A-4D0C-BDB6-033ED408DD9F}.Debug|Any CPU.Build.0 = Debug|Any CPU
		{CF1FDF76-9C2A-4D0C-BDB6-033ED408DD9F}.Release|Any CPU.ActiveCfg = Release|Any CPU
		{CF1FDF76-9C2A-4D0C-BDB6-033ED408DD9F}.Release|Any CPU.Build.0 = Release|Any CPU
		{97410825-E0FD-4F12-B28E-496385C0A8D2}.Debug|Any CPU.ActiveCfg = Debug|Any CPU
		{97410825-E0FD-4F12-B28E-496385C0A8D2}.Debug|Any CPU.Build.0 = Debug|Any CPU
		{97410825-E0FD-4F12-B28E-496385C0A8D2}.Release|Any CPU.ActiveCfg = Release|Any CPU
		{97410825-E0FD-4F12-B28E-496385C0A8D2}.Release|Any CPU.Build.0 = Release|Any CPU
		{F843D5E5-3432-480F-84EE-1B33F9877776}.Debug|Any CPU.ActiveCfg = Debug|Any CPU
		{F843D5E5-3432-480F-84EE-1B33F9877776}.Debug|Any CPU.Build.0 = Debug|Any CPU
		{F843D5E5-3432-480F-84EE-1B33F9877776}.Release|Any CPU.ActiveCfg = Release|Any CPU
		{F843D5E5-3432-480F-84EE-1B33F9877776}.Release|Any CPU.Build.0 = Release|Any CPU
		{AF906996-BDFD-4489-BF34-09D821D453C8}.Debug|Any CPU.ActiveCfg = Debug|Any CPU
		{AF906996-BDFD-4489-BF34-09D821D453C8}.Debug|Any CPU.Build.0 = Debug|Any CPU
		{AF906996-BDFD-4489-BF34-09D821D453C8}.Release|Any CPU.ActiveCfg = Release|Any CPU
		{AF906996-BDFD-4489-BF34-09D821D453C8}.Release|Any CPU.Build.0 = Release|Any CPU
		{DBB2417F-C0B1-408F-BBAF-C8ECFA41F082}.Debug|Any CPU.ActiveCfg = Debug|Any CPU
		{DBB2417F-C0B1-408F-BBAF-C8ECFA41F082}.Debug|Any CPU.Build.0 = Debug|Any CPU
		{DBB2417F-C0B1-408F-BBAF-C8ECFA41F082}.Release|Any CPU.ActiveCfg = Release|Any CPU
		{DBB2417F-C0B1-408F-BBAF-C8ECFA41F082}.Release|Any CPU.Build.0 = Release|Any CPU
	EndGlobalSection
	GlobalSection(SolutionProperties) = preSolution
		HideSolutionNode = FALSE
	EndGlobalSection
	GlobalSection(NestedProjects) = preSolution
		{D3BBAAFD-EBD9-4B41-BBF4-C9AB6AF41797} = {493E593E-2366-4473-B336-2DBEF08E32D2}
		{8DE32E46-87F6-43DB-8762-BECDCC386735} = {493E593E-2366-4473-B336-2DBEF08E32D2}
		{6E02642E-9882-4816-8D7F-BEDC512E9DCC} = {493E593E-2366-4473-B336-2DBEF08E32D2}
		{66E56555-A664-43F0-9A04-CBCE94BD0A51} = {86503ACC-CC54-4195-B52A-925AF120DA22}
		{A9967717-C161-479C-8D32-8C902816D717} = {86503ACC-CC54-4195-B52A-925AF120DA22}
		{AA786E21-362E-47E5-9414-D313710DA02B} = {86503ACC-CC54-4195-B52A-925AF120DA22}
		{E7EA3F67-EDE3-45D8-8988-29449EFB632D} = {6F7F4E3F-558D-48EF-9706-98A6C339BA14}
		{04C00AF0-8A2F-447D-B963-98B9BE2D5790} = {6F7F4E3F-558D-48EF-9706-98A6C339BA14}
		{89733CFB-E85F-4BC7-82AE-51033567BB8B} = {6F7F4E3F-558D-48EF-9706-98A6C339BA14}
		{59B01E13-F1A0-4F44-ADA4-65CAB78F4937} = {8C59B51D-72EE-4EB3-ACAD-44C4149BB687}
		{2A587E67-DED3-41C3-8BBE-20765B11AE73} = {8C59B51D-72EE-4EB3-ACAD-44C4149BB687}
		{90178C1C-4A22-49D4-847F-061419BDDA9B} = {8C59B51D-72EE-4EB3-ACAD-44C4149BB687}
		{2D5D7369-6C10-4CD1-B0D3-E2E8A475E0F8} = {5886BF4B-DA2E-4AE1-8A17-26DC2ED341C7}
		{D252D14B-2B88-4E9B-9BCF-CF9B22F5C5C3} = {5886BF4B-DA2E-4AE1-8A17-26DC2ED341C7}
		{94199411-60CD-4754-9B9C-101C3391DB33} = {5886BF4B-DA2E-4AE1-8A17-26DC2ED341C7}
		{9E727579-9825-432A-A161-130743CE7943} = {2AEC57A7-532C-4A4B-A83D-DE31CD321006}
		{28F77F55-789D-418F-83E2-361448761059} = {2AEC57A7-532C-4A4B-A83D-DE31CD321006}
		{36E812F8-FBD6-421E-99D9-696B8E726BB0} = {2AEC57A7-532C-4A4B-A83D-DE31CD321006}
		{E670FC04-0D18-4865-BCA9-6C92F1E0BDFF} = {B89E839C-5C6B-4A9A-91F0-76C2959E720F}
		{CF1FDF76-9C2A-4D0C-BDB6-033ED408DD9F} = {B89E839C-5C6B-4A9A-91F0-76C2959E720F}
		{97410825-E0FD-4F12-B28E-496385C0A8D2} = {B89E839C-5C6B-4A9A-91F0-76C2959E720F}
		{F843D5E5-3432-480F-84EE-1B33F9877776} = {2ED6CA79-4AF6-4F64-9E62-92BDF00D966D}
		{AF906996-BDFD-4489-BF34-09D821D453C8} = {2ED6CA79-4AF6-4F64-9E62-92BDF00D966D}
		{DBB2417F-C0B1-408F-BBAF-C8ECFA41F082} = {2ED6CA79-4AF6-4F64-9E62-92BDF00D966D}
	EndGlobalSection
	GlobalSection(ExtensibilityGlobals) = postSolution
		SolutionGuid = {BB4FC639-458A-4DDA-B453-10AE94BAA5D1}
	EndGlobalSection
EndGlobal
